// !$*UTF8*$!
{
	archiveVersion = 1;
	classes = {
	};
	objectVersion = 54;
	objects = {

/* Begin PBXBuildFile section */
		02F6311BD4D0598AD2EB1BA6 /* Pods_Library_Management_Library_ManagementUITests.framework in Frameworks */ = {isa = PBXBuildFile; fileRef = 588A50DEC91B663A2F7B68AD /* Pods_Library_Management_Library_ManagementUITests.framework */; };
		0D03FDA59DDF12090E3614D7 /* Pods_Library_Management.framework in Frameworks */ = {isa = PBXBuildFile; fileRef = 58FD8B281876EFFFDF06A451 /* Pods_Library_Management.framework */; };
		7165F7612272F1990010F164 /* Book.m in Sources */ = {isa = PBXBuildFile; fileRef = 7165F7602272F1990010F164 /* Book.m */; };
		7165F76622731B940010F164 /* BookStoreClient.m in Sources */ = {isa = PBXBuildFile; fileRef = 7165F76522731B940010F164 /* BookStoreClient.m */; };
		7165F76A22731E770010F164 /* BookDetail.m in Sources */ = {isa = PBXBuildFile; fileRef = 7165F76922731E770010F164 /* BookDetail.m */; };
		7165F76D22732CA60010F164 /* BookDetailsVC.m in Sources */ = {isa = PBXBuildFile; fileRef = 7165F76C22732CA60010F164 /* BookDetailsVC.m */; };
		7165F77022748E030010F164 /* BooksTableView.m in Sources */ = {isa = PBXBuildFile; fileRef = 7165F76F22748E030010F164 /* BooksTableView.m */; };
		71851DAD226D452100113A9F /* AppDelegate.m in Sources */ = {isa = PBXBuildFile; fileRef = 71851DAC226D452100113A9F /* AppDelegate.m */; };
		71851DB0226D452100113A9F /* BooksVC.m in Sources */ = {isa = PBXBuildFile; fileRef = 71851DAF226D452100113A9F /* BooksVC.m */; };
		71851DB3226D452100113A9F /* Main.storyboard in Resources */ = {isa = PBXBuildFile; fileRef = 71851DB1226D452100113A9F /* Main.storyboard */; };
		71851DB5226D452300113A9F /* Assets.xcassets in Resources */ = {isa = PBXBuildFile; fileRef = 71851DB4226D452300113A9F /* Assets.xcassets */; };
		71851DB8226D452300113A9F /* LaunchScreen.storyboard in Resources */ = {isa = PBXBuildFile; fileRef = 71851DB6226D452300113A9F /* LaunchScreen.storyboard */; };
		71851DBB226D452300113A9F /* main.m in Sources */ = {isa = PBXBuildFile; fileRef = 71851DBA226D452300113A9F /* main.m */; };
		71851E18226F338D00113A9F /* SearchVC.m in Sources */ = {isa = PBXBuildFile; fileRef = 71851E17226F338D00113A9F /* SearchVC.m */; };
		71851E19226F338D00113A9F /* SearchVC.m in Sources */ = {isa = PBXBuildFile; fileRef = 71851E17226F338D00113A9F /* SearchVC.m */; };
		71851E1A226F338D00113A9F /* SearchVC.m in Sources */ = {isa = PBXBuildFile; fileRef = 71851E17226F338D00113A9F /* SearchVC.m */; };
		71851E1D226F339600113A9F /* MyBooksVC.m in Sources */ = {isa = PBXBuildFile; fileRef = 71851E1C226F339600113A9F /* MyBooksVC.m */; };
		71851E1E226F339600113A9F /* MyBooksVC.m in Sources */ = {isa = PBXBuildFile; fileRef = 71851E1C226F339600113A9F /* MyBooksVC.m */; };
		71851E1F226F339600113A9F /* MyBooksVC.m in Sources */ = {isa = PBXBuildFile; fileRef = 71851E1C226F339600113A9F /* MyBooksVC.m */; };
		71851E22226F339F00113A9F /* HistoryVC.m in Sources */ = {isa = PBXBuildFile; fileRef = 71851E21226F339F00113A9F /* HistoryVC.m */; };
		71851E23226F339F00113A9F /* HistoryVC.m in Sources */ = {isa = PBXBuildFile; fileRef = 71851E21226F339F00113A9F /* HistoryVC.m */; };
		71851E24226F339F00113A9F /* HistoryVC.m in Sources */ = {isa = PBXBuildFile; fileRef = 71851E21226F339F00113A9F /* HistoryVC.m */; };
		71A6CC96227D0CCE00285357 /* MyBooksManager.m in Sources */ = {isa = PBXBuildFile; fileRef = 71A6CC95227D0CCE00285357 /* MyBooksManager.m */; };
		71A6CC99227D91A100285357 /* BooksDBManager.m in Sources */ = {isa = PBXBuildFile; fileRef = 71A6CC98227D91A100285357 /* BooksDBManager.m */; };
		71A6CC9C227D94EF00285357 /* HistoryManager.m in Sources */ = {isa = PBXBuildFile; fileRef = 71A6CC9B227D94EF00285357 /* HistoryManager.m */; };
		71A6CCA3227F20BA00285357 /* ImageCacheManager.m in Sources */ = {isa = PBXBuildFile; fileRef = 71A6CCA2227F20BA00285357 /* ImageCacheManager.m */; };
		71A6CCA9227F25AB00285357 /* ImageViewer.m in Sources */ = {isa = PBXBuildFile; fileRef = 71A6CCA8227F25AB00285357 /* ImageViewer.m */; };
		92A12F67AE185051ACC23B04 /* Pods_Library_ManagementTests.framework in Frameworks */ = {isa = PBXBuildFile; fileRef = 9CABD61D64B9927E0E806FCF /* Pods_Library_ManagementTests.framework */; };
		B5BC6FF12701321C0044E876 /* BooksTableViewCell.m in Sources */ = {isa = PBXBuildFile; fileRef = B5BC6FF02701321C0044E876 /* BooksTableViewCell.m */; };
		B5BC7102270155C40044E876 /* SettingsVC.m in Sources */ = {isa = PBXBuildFile; fileRef = B5BC7101270155C40044E876 /* SettingsVC.m */; };
		B5E6F62327011F4200E49604 /* GoogleService-Info.plist in Resources */ = {isa = PBXBuildFile; fileRef = B5E6F62227011F4200E49604 /* GoogleService-Info.plist */; };
		B5E6F629270120C100E49604 /* LoginVC.m in Sources */ = {isa = PBXBuildFile; fileRef = B5E6F627270120C000E49604 /* LoginVC.m */; };
		B5E6F62F270120C700E49604 /* SignupVC.m in Sources */ = {isa = PBXBuildFile; fileRef = B5E6F62E270120C700E49604 /* SignupVC.m */; };
/* End PBXBuildFile section */

/* Begin PBXContainerItemProxy section */
		71851DC1226D452300113A9F /* PBXContainerItemProxy */ = {
			isa = PBXContainerItemProxy;
			containerPortal = 71851DA0226D452100113A9F /* Project object */;
			proxyType = 1;
			remoteGlobalIDString = 71851DA7226D452100113A9F;
			remoteInfo = "Library Management";
		};
		71851DCC226D452300113A9F /* PBXContainerItemProxy */ = {
			isa = PBXContainerItemProxy;
			containerPortal = 71851DA0226D452100113A9F /* Project object */;
			proxyType = 1;
			remoteGlobalIDString = 71851DA7226D452100113A9F;
			remoteInfo = "Library Management";
		};
/* End PBXContainerItemProxy section */

/* Begin PBXFileReference section */
		51DD624E534CB39D9ECF3A57 /* Pods-Library Management-Library ManagementUITests.debug.xcconfig */ = {isa = PBXFileReference; includeInIndex = 1; lastKnownFileType = text.xcconfig; name = "Pods-Library Management-Library ManagementUITests.debug.xcconfig"; path = "Target Support Files/Pods-Library Management-Library ManagementUITests/Pods-Library Management-Library ManagementUITests.debug.xcconfig"; sourceTree = "<group>"; };
		588A50DEC91B663A2F7B68AD /* Pods_Library_Management_Library_ManagementUITests.framework */ = {isa = PBXFileReference; explicitFileType = wrapper.framework; includeInIndex = 0; path = Pods_Library_Management_Library_ManagementUITests.framework; sourceTree = BUILT_PRODUCTS_DIR; };
		58FD8B281876EFFFDF06A451 /* Pods_Library_Management.framework */ = {isa = PBXFileReference; explicitFileType = wrapper.framework; includeInIndex = 0; path = Pods_Library_Management.framework; sourceTree = BUILT_PRODUCTS_DIR; };
		7165F75F2272F1990010F164 /* Book.h */ = {isa = PBXFileReference; lastKnownFileType = sourcecode.c.h; path = Book.h; sourceTree = "<group>"; };
		7165F7602272F1990010F164 /* Book.m */ = {isa = PBXFileReference; lastKnownFileType = sourcecode.c.objc; path = Book.m; sourceTree = "<group>"; };
		7165F76422731B940010F164 /* BookStoreClient.h */ = {isa = PBXFileReference; lastKnownFileType = sourcecode.c.h; path = BookStoreClient.h; sourceTree = "<group>"; };
		7165F76522731B940010F164 /* BookStoreClient.m */ = {isa = PBXFileReference; lastKnownFileType = sourcecode.c.objc; path = BookStoreClient.m; sourceTree = "<group>"; };
		7165F76822731E770010F164 /* BookDetail.h */ = {isa = PBXFileReference; lastKnownFileType = sourcecode.c.h; path = BookDetail.h; sourceTree = "<group>"; };
		7165F76922731E770010F164 /* BookDetail.m */ = {isa = PBXFileReference; lastKnownFileType = sourcecode.c.objc; path = BookDetail.m; sourceTree = "<group>"; };
		7165F76B22732CA60010F164 /* BookDetailsVC.h */ = {isa = PBXFileReference; lastKnownFileType = sourcecode.c.h; path = BookDetailsVC.h; sourceTree = "<group>"; };
		7165F76C22732CA60010F164 /* BookDetailsVC.m */ = {isa = PBXFileReference; lastKnownFileType = sourcecode.c.objc; path = BookDetailsVC.m; sourceTree = "<group>"; };
		7165F76E22748E030010F164 /* BooksTableView.h */ = {isa = PBXFileReference; lastKnownFileType = sourcecode.c.h; path = BooksTableView.h; sourceTree = "<group>"; };
		7165F76F22748E030010F164 /* BooksTableView.m */ = {isa = PBXFileReference; lastKnownFileType = sourcecode.c.objc; path = BooksTableView.m; sourceTree = "<group>"; };
		71851DA8226D452100113A9F /* Library Management.app */ = {isa = PBXFileReference; explicitFileType = wrapper.application; includeInIndex = 0; path = "Library Management.app"; sourceTree = BUILT_PRODUCTS_DIR; };
		71851DAB226D452100113A9F /* AppDelegate.h */ = {isa = PBXFileReference; lastKnownFileType = sourcecode.c.h; path = AppDelegate.h; sourceTree = "<group>"; };
		71851DAC226D452100113A9F /* AppDelegate.m */ = {isa = PBXFileReference; lastKnownFileType = sourcecode.c.objc; path = AppDelegate.m; sourceTree = "<group>"; };
		71851DAE226D452100113A9F /* BooksVC.h */ = {isa = PBXFileReference; lastKnownFileType = sourcecode.c.h; path = BooksVC.h; sourceTree = "<group>"; };
		71851DAF226D452100113A9F /* BooksVC.m */ = {isa = PBXFileReference; lastKnownFileType = sourcecode.c.objc; path = BooksVC.m; sourceTree = "<group>"; };
		71851DB2226D452100113A9F /* Base */ = {isa = PBXFileReference; lastKnownFileType = file.storyboard; name = Base; path = Base.lproj/Main.storyboard; sourceTree = "<group>"; };
		71851DB4226D452300113A9F /* Assets.xcassets */ = {isa = PBXFileReference; lastKnownFileType = folder.assetcatalog; path = Assets.xcassets; sourceTree = "<group>"; };
		71851DB7226D452300113A9F /* Base */ = {isa = PBXFileReference; lastKnownFileType = file.storyboard; name = Base; path = Base.lproj/LaunchScreen.storyboard; sourceTree = "<group>"; };
		71851DBA226D452300113A9F /* main.m */ = {isa = PBXFileReference; lastKnownFileType = sourcecode.c.objc; path = main.m; sourceTree = "<group>"; };
		71851DC0226D452300113A9F /* Library ManagementTests.xctest */ = {isa = PBXFileReference; explicitFileType = wrapper.cfbundle; includeInIndex = 0; path = "Library ManagementTests.xctest"; sourceTree = BUILT_PRODUCTS_DIR; };
		71851DCB226D452300113A9F /* Library ManagementUITests.xctest */ = {isa = PBXFileReference; explicitFileType = wrapper.cfbundle; includeInIndex = 0; path = "Library ManagementUITests.xctest"; sourceTree = BUILT_PRODUCTS_DIR; };
		71851E16226F338D00113A9F /* SearchVC.h */ = {isa = PBXFileReference; lastKnownFileType = sourcecode.c.h; path = SearchVC.h; sourceTree = "<group>"; };
		71851E17226F338D00113A9F /* SearchVC.m */ = {isa = PBXFileReference; lastKnownFileType = sourcecode.c.objc; path = SearchVC.m; sourceTree = "<group>"; };
		71851E1B226F339600113A9F /* MyBooksVC.h */ = {isa = PBXFileReference; lastKnownFileType = sourcecode.c.h; path = MyBooksVC.h; sourceTree = "<group>"; };
		71851E1C226F339600113A9F /* MyBooksVC.m */ = {isa = PBXFileReference; lastKnownFileType = sourcecode.c.objc; path = MyBooksVC.m; sourceTree = "<group>"; };
		71851E20226F339F00113A9F /* HistoryVC.h */ = {isa = PBXFileReference; lastKnownFileType = sourcecode.c.h; path = HistoryVC.h; sourceTree = "<group>"; };
		71851E21226F339F00113A9F /* HistoryVC.m */ = {isa = PBXFileReference; lastKnownFileType = sourcecode.c.objc; path = HistoryVC.m; sourceTree = "<group>"; };
		71A6CC94227D0CCE00285357 /* MyBooksManager.h */ = {isa = PBXFileReference; lastKnownFileType = sourcecode.c.h; path = MyBooksManager.h; sourceTree = "<group>"; };
		71A6CC95227D0CCE00285357 /* MyBooksManager.m */ = {isa = PBXFileReference; lastKnownFileType = sourcecode.c.objc; path = MyBooksManager.m; sourceTree = "<group>"; };
		71A6CC97227D91A100285357 /* BooksDBManager.h */ = {isa = PBXFileReference; lastKnownFileType = sourcecode.c.h; path = BooksDBManager.h; sourceTree = "<group>"; };
		71A6CC98227D91A100285357 /* BooksDBManager.m */ = {isa = PBXFileReference; lastKnownFileType = sourcecode.c.objc; path = BooksDBManager.m; sourceTree = "<group>"; };
		71A6CC9A227D94EF00285357 /* HistoryManager.h */ = {isa = PBXFileReference; lastKnownFileType = sourcecode.c.h; path = HistoryManager.h; sourceTree = "<group>"; };
		71A6CC9B227D94EF00285357 /* HistoryManager.m */ = {isa = PBXFileReference; lastKnownFileType = sourcecode.c.objc; path = HistoryManager.m; sourceTree = "<group>"; };
		71A6CCA1227F20BA00285357 /* ImageCacheManager.h */ = {isa = PBXFileReference; lastKnownFileType = sourcecode.c.h; path = ImageCacheManager.h; sourceTree = "<group>"; };
		71A6CCA2227F20BA00285357 /* ImageCacheManager.m */ = {isa = PBXFileReference; lastKnownFileType = sourcecode.c.objc; path = ImageCacheManager.m; sourceTree = "<group>"; };
		71A6CCA7227F25AB00285357 /* ImageViewer.h */ = {isa = PBXFileReference; lastKnownFileType = sourcecode.c.h; path = ImageViewer.h; sourceTree = "<group>"; };
		71A6CCA8227F25AB00285357 /* ImageViewer.m */ = {isa = PBXFileReference; lastKnownFileType = sourcecode.c.objc; path = ImageViewer.m; sourceTree = "<group>"; };
		8F68D10C8E29AFDE104DD13C /* Pods-Library Management.debug.xcconfig */ = {isa = PBXFileReference; includeInIndex = 1; lastKnownFileType = text.xcconfig; name = "Pods-Library Management.debug.xcconfig"; path = "Target Support Files/Pods-Library Management/Pods-Library Management.debug.xcconfig"; sourceTree = "<group>"; };
		98847C0B83D7FB74E775BD1F /* Pods-Library Management-Library ManagementUITests.release.xcconfig */ = {isa = PBXFileReference; includeInIndex = 1; lastKnownFileType = text.xcconfig; name = "Pods-Library Management-Library ManagementUITests.release.xcconfig"; path = "Target Support Files/Pods-Library Management-Library ManagementUITests/Pods-Library Management-Library ManagementUITests.release.xcconfig"; sourceTree = "<group>"; };
		9CABD61D64B9927E0E806FCF /* Pods_Library_ManagementTests.framework */ = {isa = PBXFileReference; explicitFileType = wrapper.framework; includeInIndex = 0; path = Pods_Library_ManagementTests.framework; sourceTree = BUILT_PRODUCTS_DIR; };
		B5BC6FEF2701321C0044E876 /* BooksTableViewCell.h */ = {isa = PBXFileReference; fileEncoding = 4; lastKnownFileType = sourcecode.c.h; path = BooksTableViewCell.h; sourceTree = "<group>"; };
		B5BC6FF02701321C0044E876 /* BooksTableViewCell.m */ = {isa = PBXFileReference; fileEncoding = 4; lastKnownFileType = sourcecode.c.objc; name = BooksTableViewCell.m; path = "../../../Library Management/Library Management/Views/BooksTableViewCell.m"; sourceTree = "<group>"; };
		B5BC707E270147390044E876 /* Info.plist */ = {isa = PBXFileReference; fileEncoding = 4; lastKnownFileType = text.plist.xml; path = Info.plist; sourceTree = "<group>"; };
		B5BC7100270155C40044E876 /* SettingsVC.h */ = {isa = PBXFileReference; lastKnownFileType = sourcecode.c.h; path = SettingsVC.h; sourceTree = "<group>"; };
		B5BC7101270155C40044E876 /* SettingsVC.m */ = {isa = PBXFileReference; lastKnownFileType = sourcecode.c.objc; path = SettingsVC.m; sourceTree = "<group>"; };
		B5E6F62227011F4200E49604 /* GoogleService-Info.plist */ = {isa = PBXFileReference; fileEncoding = 4; lastKnownFileType = text.plist.xml; path = "GoogleService-Info.plist"; sourceTree = "<group>"; };
		B5E6F627270120C000E49604 /* LoginVC.m */ = {isa = PBXFileReference; fileEncoding = 4; lastKnownFileType = sourcecode.c.objc; path = LoginVC.m; sourceTree = "<group>"; };
		B5E6F628270120C100E49604 /* LoginVC.h */ = {isa = PBXFileReference; fileEncoding = 4; lastKnownFileType = sourcecode.c.h; path = LoginVC.h; sourceTree = "<group>"; };
		B5E6F62D270120C600E49604 /* SignupVC.h */ = {isa = PBXFileReference; fileEncoding = 4; lastKnownFileType = sourcecode.c.h; path = SignupVC.h; sourceTree = "<group>"; };
		B5E6F62E270120C700E49604 /* SignupVC.m */ = {isa = PBXFileReference; fileEncoding = 4; lastKnownFileType = sourcecode.c.objc; path = SignupVC.m; sourceTree = "<group>"; };
		C9B1597F1C262A166B9BFF98 /* Pods-Library ManagementTests.debug.xcconfig */ = {isa = PBXFileReference; includeInIndex = 1; lastKnownFileType = text.xcconfig; name = "Pods-Library ManagementTests.debug.xcconfig"; path = "Target Support Files/Pods-Library ManagementTests/Pods-Library ManagementTests.debug.xcconfig"; sourceTree = "<group>"; };
		CE0D7583D5F1AC05458E727A /* Pods-Library ManagementTests.release.xcconfig */ = {isa = PBXFileReference; includeInIndex = 1; lastKnownFileType = text.xcconfig; name = "Pods-Library ManagementTests.release.xcconfig"; path = "Target Support Files/Pods-Library ManagementTests/Pods-Library ManagementTests.release.xcconfig"; sourceTree = "<group>"; };
		D00277487877615BB54DAE8D /* Pods-Library Management.release.xcconfig */ = {isa = PBXFileReference; includeInIndex = 1; lastKnownFileType = text.xcconfig; name = "Pods-Library Management.release.xcconfig"; path = "Target Support Files/Pods-Library Management/Pods-Library Management.release.xcconfig"; sourceTree = "<group>"; };
/* End PBXFileReference section */

/* Begin PBXFrameworksBuildPhase section */
		71851DA5226D452100113A9F /* Frameworks */ = {
			isa = PBXFrameworksBuildPhase;
			buildActionMask = 2147483647;
			files = (
				0D03FDA59DDF12090E3614D7 /* Pods_Library_Management.framework in Frameworks */,
			);
			runOnlyForDeploymentPostprocessing = 0;
		};
		71851DBD226D452300113A9F /* Frameworks */ = {
			isa = PBXFrameworksBuildPhase;
			buildActionMask = 2147483647;
			files = (
				92A12F67AE185051ACC23B04 /* Pods_Library_ManagementTests.framework in Frameworks */,
			);
			runOnlyForDeploymentPostprocessing = 0;
		};
		71851DC8226D452300113A9F /* Frameworks */ = {
			isa = PBXFrameworksBuildPhase;
			buildActionMask = 2147483647;
			files = (
				02F6311BD4D0598AD2EB1BA6 /* Pods_Library_Management_Library_ManagementUITests.framework in Frameworks */,
			);
			runOnlyForDeploymentPostprocessing = 0;
		};
/* End PBXFrameworksBuildPhase section */

/* Begin PBXGroup section */
		4A122ECDFEEAC417C452352F /* Frameworks */ = {
			isa = PBXGroup;
			children = (
				58FD8B281876EFFFDF06A451 /* Pods_Library_Management.framework */,
				588A50DEC91B663A2F7B68AD /* Pods_Library_Management_Library_ManagementUITests.framework */,
				9CABD61D64B9927E0E806FCF /* Pods_Library_ManagementTests.framework */,
			);
			name = Frameworks;
			sourceTree = "<group>";
		};
		5E64A5147604F975D25BB995 /* Pods */ = {
			isa = PBXGroup;
			children = (
				8F68D10C8E29AFDE104DD13C /* Pods-Library Management.debug.xcconfig */,
				D00277487877615BB54DAE8D /* Pods-Library Management.release.xcconfig */,
				51DD624E534CB39D9ECF3A57 /* Pods-Library Management-Library ManagementUITests.debug.xcconfig */,
				98847C0B83D7FB74E775BD1F /* Pods-Library Management-Library ManagementUITests.release.xcconfig */,
				C9B1597F1C262A166B9BFF98 /* Pods-Library ManagementTests.debug.xcconfig */,
				CE0D7583D5F1AC05458E727A /* Pods-Library ManagementTests.release.xcconfig */,
			);
			path = Pods;
			sourceTree = "<group>";
		};
		7165F762227315EE0010F164 /* Models */ = {
			isa = PBXGroup;
			children = (
				7165F75F2272F1990010F164 /* Book.h */,
				7165F7602272F1990010F164 /* Book.m */,
				7165F76822731E770010F164 /* BookDetail.h */,
				7165F76922731E770010F164 /* BookDetail.m */,
			);
			path = Models;
			sourceTree = "<group>";
		};
		7165F76322731ACB0010F164 /* Views */ = {
			isa = PBXGroup;
			children = (
				B5BC6FEF2701321C0044E876 /* BooksTableViewCell.h */,
				B5BC6FF02701321C0044E876 /* BooksTableViewCell.m */,
				7165F76E22748E030010F164 /* BooksTableView.h */,
				7165F76F22748E030010F164 /* BooksTableView.m */,
			);
			path = Views;
			sourceTree = "<group>";
		};
		7165F76722731B980010F164 /* Networking */ = {
			isa = PBXGroup;
			children = (
				7165F76422731B940010F164 /* BookStoreClient.h */,
				7165F76522731B940010F164 /* BookStoreClient.m */,
			);
			path = Networking;
			sourceTree = "<group>";
		};
		71851D9F226D452000113A9F = {
			isa = PBXGroup;
			children = (
				71851DAA226D452100113A9F /* Library Management */,
				71851DA9226D452100113A9F /* Products */,
				5E64A5147604F975D25BB995 /* Pods */,
				4A122ECDFEEAC417C452352F /* Frameworks */,
			);
			sourceTree = "<group>";
		};
		71851DA9226D452100113A9F /* Products */ = {
			isa = PBXGroup;
			children = (
				71851DA8226D452100113A9F /* Library Management.app */,
				71851DC0226D452300113A9F /* Library ManagementTests.xctest */,
				71851DCB226D452300113A9F /* Library ManagementUITests.xctest */,
			);
			name = Products;
			sourceTree = "<group>";
		};
		71851DAA226D452100113A9F /* Library Management */ = {
			isa = PBXGroup;
			children = (
				7165F762227315EE0010F164 /* Models */,
				7165F76322731ACB0010F164 /* Views */,
				71851E25226F340100113A9F /* ViewControllers */,
				7165F76722731B980010F164 /* Networking */,
				71A6CC9D227D958A00285357 /* Storage */,
				B5BC7028270141350044E876 /* Cache */,
				71851DAB226D452100113A9F /* AppDelegate.h */,
				71851DAC226D452100113A9F /* AppDelegate.m */,
				71851DB1226D452100113A9F /* Main.storyboard */,
				71851DB4226D452300113A9F /* Assets.xcassets */,
				71851DB6226D452300113A9F /* LaunchScreen.storyboard */,
				B5E6F62227011F4200E49604 /* GoogleService-Info.plist */,
				B5BC707E270147390044E876 /* Info.plist */,
				71851DBA226D452300113A9F /* main.m */,
			);
			path = "Library Management";
			sourceTree = "<group>";
		};
		71851E25226F340100113A9F /* ViewControllers */ = {
			isa = PBXGroup;
			children = (
				B5E6F628270120C100E49604 /* LoginVC.h */,
				B5E6F627270120C000E49604 /* LoginVC.m */,
				B5E6F62D270120C600E49604 /* SignupVC.h */,
				B5E6F62E270120C700E49604 /* SignupVC.m */,
				71851DAE226D452100113A9F /* BooksVC.h */,
				71851DAF226D452100113A9F /* BooksVC.m */,
				7165F76B22732CA60010F164 /* BookDetailsVC.h */,
				7165F76C22732CA60010F164 /* BookDetailsVC.m */,
				71851E16226F338D00113A9F /* SearchVC.h */,
				71851E17226F338D00113A9F /* SearchVC.m */,
				71851E1B226F339600113A9F /* MyBooksVC.h */,
				71851E1C226F339600113A9F /* MyBooksVC.m */,
				71851E20226F339F00113A9F /* HistoryVC.h */,
				71851E21226F339F00113A9F /* HistoryVC.m */,
				B5BC7100270155C40044E876 /* SettingsVC.h */,
				B5BC7101270155C40044E876 /* SettingsVC.m */,
			);
			path = ViewControllers;
			sourceTree = "<group>";
		};
		71A6CC9D227D958A00285357 /* Storage */ = {
			isa = PBXGroup;
			children = (
				71A6CC97227D91A100285357 /* BooksDBManager.h */,
				71A6CC98227D91A100285357 /* BooksDBManager.m */,
				71A6CC94227D0CCE00285357 /* MyBooksManager.h */,
				71A6CC95227D0CCE00285357 /* MyBooksManager.m */,
				71A6CC9A227D94EF00285357 /* HistoryManager.h */,
				71A6CC9B227D94EF00285357 /* HistoryManager.m */,
			);
			path = Storage;
			sourceTree = "<group>";
		};
		B5BC7028270141350044E876 /* Cache */ = {
			isa = PBXGroup;
			children = (
				71A6CCA1227F20BA00285357 /* ImageCacheManager.h */,
				71A6CCA2227F20BA00285357 /* ImageCacheManager.m */,
				71A6CCA7227F25AB00285357 /* ImageViewer.h */,
				71A6CCA8227F25AB00285357 /* ImageViewer.m */,
			);
			path = Cache;
			sourceTree = "<group>";
		};
/* End PBXGroup section */

/* Begin PBXNativeTarget section */
		71851DA7226D452100113A9F /* Library Management */ = {
			isa = PBXNativeTarget;
			buildConfigurationList = 71851DD4226D452300113A9F /* Build configuration list for PBXNativeTarget "Library Management" */;
			buildPhases = (
				7647255BCF0FBD5B54A81E20 /* [CP] Check Pods Manifest.lock */,
				71851DA4226D452100113A9F /* Sources */,
				71851DA5226D452100113A9F /* Frameworks */,
				71851DA6226D452100113A9F /* Resources */,
				DD201ED069B237FF1573D8B7 /* [CP] Embed Pods Frameworks */,
			);
			buildRules = (
			);
			dependencies = (
			);
			name = "Library Management";
			productName = "Library Management";
			productReference = 71851DA8226D452100113A9F /* Library Management.app */;
			productType = "com.apple.product-type.application";
		};
		71851DBF226D452300113A9F /* Library ManagementTests */ = {
			isa = PBXNativeTarget;
			buildConfigurationList = 71851DD7226D452300113A9F /* Build configuration list for PBXNativeTarget "Library ManagementTests" */;
			buildPhases = (
				49AF1DFBAB06DBB99AB451E3 /* [CP] Check Pods Manifest.lock */,
				71851DBC226D452300113A9F /* Sources */,
				71851DBD226D452300113A9F /* Frameworks */,
				71851DBE226D452300113A9F /* Resources */,
			);
			buildRules = (
			);
			dependencies = (
				71851DC2226D452300113A9F /* PBXTargetDependency */,
			);
			name = "Library ManagementTests";
			productName = "Library ManagementTests";
			productReference = 71851DC0226D452300113A9F /* Library ManagementTests.xctest */;
			productType = "com.apple.product-type.bundle.unit-test";
		};
		71851DCA226D452300113A9F /* Library ManagementUITests */ = {
			isa = PBXNativeTarget;
			buildConfigurationList = 71851DDA226D452300113A9F /* Build configuration list for PBXNativeTarget "Library ManagementUITests" */;
			buildPhases = (
				645BBF535DE19AEC63A5FDA9 /* [CP] Check Pods Manifest.lock */,
				71851DC7226D452300113A9F /* Sources */,
				71851DC8226D452300113A9F /* Frameworks */,
				71851DC9226D452300113A9F /* Resources */,
				E5EC8206DDC55CD3965092EB /* [CP] Embed Pods Frameworks */,
			);
			buildRules = (
			);
			dependencies = (
				71851DCD226D452300113A9F /* PBXTargetDependency */,
			);
			name = "Library ManagementUITests";
			productName = "Library ManagementUITests";
			productReference = 71851DCB226D452300113A9F /* Library ManagementUITests.xctest */;
			productType = "com.apple.product-type.bundle.ui-testing";
		};
/* End PBXNativeTarget section */

/* Begin PBXProject section */
		71851DA0226D452100113A9F /* Project object */ = {
			isa = PBXProject;
			attributes = {
				LastUpgradeCheck = 1230;
				ORGANIZATIONNAME = "";
				TargetAttributes = {
					71851DA7226D452100113A9F = {
						CreatedOnToolsVersion = 10.2.1;
					};
					71851DBF226D452300113A9F = {
						CreatedOnToolsVersion = 10.2.1;
					};
					71851DCA226D452300113A9F = {
						CreatedOnToolsVersion = 10.2.1;
					};
				};
			};
			buildConfigurationList = 71851DA3226D452100113A9F /* Build configuration list for PBXProject "Library Management" */;
			compatibilityVersion = "Xcode 12.0";
			developmentRegion = en;
			hasScannedForEncodings = 0;
			knownRegions = (
				en,
				Base,
			);
			mainGroup = 71851D9F226D452000113A9F;
			productRefGroup = 71851DA9226D452100113A9F /* Products */;
			projectDirPath = "";
			projectRoot = "";
			targets = (
				71851DA7226D452100113A9F /* Library Management */,
				71851DBF226D452300113A9F /* Library ManagementTests */,
				71851DCA226D452300113A9F /* Library ManagementUITests */,
			);
		};
/* End PBXProject section */

/* Begin PBXResourcesBuildPhase section */
		71851DA6226D452100113A9F /* Resources */ = {
			isa = PBXResourcesBuildPhase;
			buildActionMask = 2147483647;
			files = (
				71851DB8226D452300113A9F /* LaunchScreen.storyboard in Resources */,
				B5E6F62327011F4200E49604 /* GoogleService-Info.plist in Resources */,
				71851DB5226D452300113A9F /* Assets.xcassets in Resources */,
				71851DB3226D452100113A9F /* Main.storyboard in Resources */,
			);
			runOnlyForDeploymentPostprocessing = 0;
		};
		71851DBE226D452300113A9F /* Resources */ = {
			isa = PBXResourcesBuildPhase;
			buildActionMask = 2147483647;
			files = (
			);
			runOnlyForDeploymentPostprocessing = 0;
		};
		71851DC9226D452300113A9F /* Resources */ = {
			isa = PBXResourcesBuildPhase;
			buildActionMask = 2147483647;
			files = (
			);
			runOnlyForDeploymentPostprocessing = 0;
		};
/* End PBXResourcesBuildPhase section */

/* Begin PBXShellScriptBuildPhase section */
		49AF1DFBAB06DBB99AB451E3 /* [CP] Check Pods Manifest.lock */ = {
			isa = PBXShellScriptBuildPhase;
			buildActionMask = 2147483647;
			files = (
			);
			inputFileListPaths = (
			);
			inputPaths = (
				"${PODS_PODFILE_DIR_PATH}/Podfile.lock",
				"${PODS_ROOT}/Manifest.lock",
			);
			name = "[CP] Check Pods Manifest.lock";
			outputFileListPaths = (
			);
			outputPaths = (
				"$(DERIVED_FILE_DIR)/Pods-Library ManagementTests-checkManifestLockResult.txt",
			);
			runOnlyForDeploymentPostprocessing = 0;
			shellPath = /bin/sh;
			shellScript = "diff \"${PODS_PODFILE_DIR_PATH}/Podfile.lock\" \"${PODS_ROOT}/Manifest.lock\" > /dev/null\nif [ $? != 0 ] ; then\n    # print error to STDERR\n    echo \"error: The sandbox is not in sync with the Podfile.lock. Run 'pod install' or update your CocoaPods installation.\" >&2\n    exit 1\nfi\n# This output is used by Xcode 'outputs' to avoid re-running this script phase.\necho \"SUCCESS\" > \"${SCRIPT_OUTPUT_FILE_0}\"\n";
			showEnvVarsInLog = 0;
		};
		645BBF535DE19AEC63A5FDA9 /* [CP] Check Pods Manifest.lock */ = {
			isa = PBXShellScriptBuildPhase;
			buildActionMask = 2147483647;
			files = (
			);
			inputFileListPaths = (
			);
			inputPaths = (
				"${PODS_PODFILE_DIR_PATH}/Podfile.lock",
				"${PODS_ROOT}/Manifest.lock",
			);
			name = "[CP] Check Pods Manifest.lock";
			outputFileListPaths = (
			);
			outputPaths = (
				"$(DERIVED_FILE_DIR)/Pods-Library Management-Library ManagementUITests-checkManifestLockResult.txt",
			);
			runOnlyForDeploymentPostprocessing = 0;
			shellPath = /bin/sh;
			shellScript = "diff \"${PODS_PODFILE_DIR_PATH}/Podfile.lock\" \"${PODS_ROOT}/Manifest.lock\" > /dev/null\nif [ $? != 0 ] ; then\n    # print error to STDERR\n    echo \"error: The sandbox is not in sync with the Podfile.lock. Run 'pod install' or update your CocoaPods installation.\" >&2\n    exit 1\nfi\n# This output is used by Xcode 'outputs' to avoid re-running this script phase.\necho \"SUCCESS\" > \"${SCRIPT_OUTPUT_FILE_0}\"\n";
			showEnvVarsInLog = 0;
		};
		7647255BCF0FBD5B54A81E20 /* [CP] Check Pods Manifest.lock */ = {
			isa = PBXShellScriptBuildPhase;
			buildActionMask = 2147483647;
			files = (
			);
			inputFileListPaths = (
			);
			inputPaths = (
				"${PODS_PODFILE_DIR_PATH}/Podfile.lock",
				"${PODS_ROOT}/Manifest.lock",
			);
			name = "[CP] Check Pods Manifest.lock";
			outputFileListPaths = (
			);
			outputPaths = (
				"$(DERIVED_FILE_DIR)/Pods-Library Management-checkManifestLockResult.txt",
			);
			runOnlyForDeploymentPostprocessing = 0;
			shellPath = /bin/sh;
			shellScript = "diff \"${PODS_PODFILE_DIR_PATH}/Podfile.lock\" \"${PODS_ROOT}/Manifest.lock\" > /dev/null\nif [ $? != 0 ] ; then\n    # print error to STDERR\n    echo \"error: The sandbox is not in sync with the Podfile.lock. Run 'pod install' or update your CocoaPods installation.\" >&2\n    exit 1\nfi\n# This output is used by Xcode 'outputs' to avoid re-running this script phase.\necho \"SUCCESS\" > \"${SCRIPT_OUTPUT_FILE_0}\"\n";
			showEnvVarsInLog = 0;
		};
		DD201ED069B237FF1573D8B7 /* [CP] Embed Pods Frameworks */ = {
			isa = PBXShellScriptBuildPhase;
			buildActionMask = 2147483647;
			files = (
			);
			inputFileListPaths = (
				"${PODS_ROOT}/Target Support Files/Pods-Library Management/Pods-Library Management-frameworks-${CONFIGURATION}-input-files.xcfilelist",
			);
			name = "[CP] Embed Pods Frameworks";
			outputFileListPaths = (
				"${PODS_ROOT}/Target Support Files/Pods-Library Management/Pods-Library Management-frameworks-${CONFIGURATION}-output-files.xcfilelist",
			);
			runOnlyForDeploymentPostprocessing = 0;
			shellPath = /bin/sh;
			shellScript = "\"${PODS_ROOT}/Target Support Files/Pods-Library Management/Pods-Library Management-frameworks.sh\"\n";
			showEnvVarsInLog = 0;
		};
		E5EC8206DDC55CD3965092EB /* [CP] Embed Pods Frameworks */ = {
			isa = PBXShellScriptBuildPhase;
			buildActionMask = 2147483647;
			files = (
			);
			inputFileListPaths = (
				"${PODS_ROOT}/Target Support Files/Pods-Library Management-Library ManagementUITests/Pods-Library Management-Library ManagementUITests-frameworks-${CONFIGURATION}-input-files.xcfilelist",
			);
			name = "[CP] Embed Pods Frameworks";
			outputFileListPaths = (
				"${PODS_ROOT}/Target Support Files/Pods-Library Management-Library ManagementUITests/Pods-Library Management-Library ManagementUITests-frameworks-${CONFIGURATION}-output-files.xcfilelist",
			);
			runOnlyForDeploymentPostprocessing = 0;
			shellPath = /bin/sh;
			shellScript = "\"${PODS_ROOT}/Target Support Files/Pods-Library Management-Library ManagementUITests/Pods-Library Management-Library ManagementUITests-frameworks.sh\"\n";
			showEnvVarsInLog = 0;
		};
/* End PBXShellScriptBuildPhase section */

/* Begin PBXSourcesBuildPhase section */
		71851DA4226D452100113A9F /* Sources */ = {
			isa = PBXSourcesBuildPhase;
			buildActionMask = 2147483647;
			files = (
				7165F77022748E030010F164 /* BooksTableView.m in Sources */,
				B5BC7102270155C40044E876 /* SettingsVC.m in Sources */,
				B5BC6FF12701321C0044E876 /* BooksTableViewCell.m in Sources */,
				71851DB0226D452100113A9F /* BooksVC.m in Sources */,
				B5E6F629270120C100E49604 /* LoginVC.m in Sources */,
				71851E1D226F339600113A9F /* MyBooksVC.m in Sources */,
				7165F76622731B940010F164 /* BookStoreClient.m in Sources */,
				7165F7612272F1990010F164 /* Book.m in Sources */,
				71851DBB226D452300113A9F /* main.m in Sources */,
				71851E18226F338D00113A9F /* SearchVC.m in Sources */,
				71A6CCA9227F25AB00285357 /* ImageViewer.m in Sources */,
				71A6CC9C227D94EF00285357 /* HistoryManager.m in Sources */,
				71A6CC96227D0CCE00285357 /* MyBooksManager.m in Sources */,
				7165F76A22731E770010F164 /* BookDetail.m in Sources */,
				71851DAD226D452100113A9F /* AppDelegate.m in Sources */,
				71A6CCA3227F20BA00285357 /* ImageCacheManager.m in Sources */,
				71A6CC99227D91A100285357 /* BooksDBManager.m in Sources */,
				B5E6F62F270120C700E49604 /* SignupVC.m in Sources */,
				71851E22226F339F00113A9F /* HistoryVC.m in Sources */,
				7165F76D22732CA60010F164 /* BookDetailsVC.m in Sources */,
			);
			runOnlyForDeploymentPostprocessing = 0;
		};
		71851DBC226D452300113A9F /* Sources */ = {
			isa = PBXSourcesBuildPhase;
			buildActionMask = 2147483647;
			files = (
				71851E19226F338D00113A9F /* SearchVC.m in Sources */,
				71851E1E226F339600113A9F /* MyBooksVC.m in Sources */,
				71851E23226F339F00113A9F /* HistoryVC.m in Sources */,
			);
			runOnlyForDeploymentPostprocessing = 0;
		};
		71851DC7226D452300113A9F /* Sources */ = {
			isa = PBXSourcesBuildPhase;
			buildActionMask = 2147483647;
			files = (
				71851E1A226F338D00113A9F /* SearchVC.m in Sources */,
				71851E1F226F339600113A9F /* MyBooksVC.m in Sources */,
				71851E24226F339F00113A9F /* HistoryVC.m in Sources */,
			);
			runOnlyForDeploymentPostprocessing = 0;
		};
/* End PBXSourcesBuildPhase section */

/* Begin PBXTargetDependency section */
		71851DC2226D452300113A9F /* PBXTargetDependency */ = {
			isa = PBXTargetDependency;
			target = 71851DA7226D452100113A9F /* Library Management */;
			targetProxy = 71851DC1226D452300113A9F /* PBXContainerItemProxy */;
		};
		71851DCD226D452300113A9F /* PBXTargetDependency */ = {
			isa = PBXTargetDependency;
			target = 71851DA7226D452100113A9F /* Library Management */;
			targetProxy = 71851DCC226D452300113A9F /* PBXContainerItemProxy */;
		};
/* End PBXTargetDependency section */

/* Begin PBXVariantGroup section */
		71851DB1226D452100113A9F /* Main.storyboard */ = {
			isa = PBXVariantGroup;
			children = (
				71851DB2226D452100113A9F /* Base */,
			);
			name = Main.storyboard;
			sourceTree = "<group>";
		};
		71851DB6226D452300113A9F /* LaunchScreen.storyboard */ = {
			isa = PBXVariantGroup;
			children = (
				71851DB7226D452300113A9F /* Base */,
			);
			name = LaunchScreen.storyboard;
			sourceTree = "<group>";
		};
/* End PBXVariantGroup section */

/* Begin XCBuildConfiguration section */
		71851DD2226D452300113A9F /* Debug */ = {
			isa = XCBuildConfiguration;
			buildSettings = {
				ALWAYS_SEARCH_USER_PATHS = NO;
				CLANG_ANALYZER_NONNULL = YES;
				CLANG_ANALYZER_NUMBER_OBJECT_CONVERSION = YES_AGGRESSIVE;
				CLANG_CXX_LANGUAGE_STANDARD = "gnu++14";
				CLANG_CXX_LIBRARY = "libc++";
				CLANG_ENABLE_MODULES = YES;
				CLANG_ENABLE_OBJC_ARC = YES;
				CLANG_ENABLE_OBJC_WEAK = YES;
				CLANG_WARN_BLOCK_CAPTURE_AUTORELEASING = YES;
				CLANG_WARN_BOOL_CONVERSION = YES;
				CLANG_WARN_COMMA = YES;
				CLANG_WARN_CONSTANT_CONVERSION = YES;
				CLANG_WARN_DEPRECATED_OBJC_IMPLEMENTATIONS = YES;
				CLANG_WARN_DIRECT_OBJC_ISA_USAGE = YES_ERROR;
				CLANG_WARN_DOCUMENTATION_COMMENTS = YES;
				CLANG_WARN_EMPTY_BODY = YES;
				CLANG_WARN_ENUM_CONVERSION = YES;
				CLANG_WARN_INFINITE_RECURSION = YES;
				CLANG_WARN_INT_CONVERSION = YES;
				CLANG_WARN_NON_LITERAL_NULL_CONVERSION = YES;
				CLANG_WARN_OBJC_IMPLICIT_RETAIN_SELF = YES;
				CLANG_WARN_OBJC_LITERAL_CONVERSION = YES;
				CLANG_WARN_OBJC_ROOT_CLASS = YES_ERROR;
				CLANG_WARN_QUOTED_INCLUDE_IN_FRAMEWORK_HEADER = YES;
				CLANG_WARN_RANGE_LOOP_ANALYSIS = YES;
				CLANG_WARN_STRICT_PROTOTYPES = YES;
				CLANG_WARN_SUSPICIOUS_MOVE = YES;
				CLANG_WARN_UNGUARDED_AVAILABILITY = YES_AGGRESSIVE;
				CLANG_WARN_UNREACHABLE_CODE = YES;
				CLANG_WARN__DUPLICATE_METHOD_MATCH = YES;
				CODE_SIGN_IDENTITY = "iPhone Developer";
				COPY_PHASE_STRIP = NO;
				DEBUG_INFORMATION_FORMAT = dwarf;
				ENABLE_STRICT_OBJC_MSGSEND = YES;
				ENABLE_TESTABILITY = YES;
				GCC_C_LANGUAGE_STANDARD = gnu11;
				GCC_DYNAMIC_NO_PIC = NO;
				GCC_NO_COMMON_BLOCKS = YES;
				GCC_OPTIMIZATION_LEVEL = 0;
				GCC_PREPROCESSOR_DEFINITIONS = (
					"DEBUG=1",
					"$(inherited)",
				);
				GCC_WARN_64_TO_32_BIT_CONVERSION = YES;
				GCC_WARN_ABOUT_RETURN_TYPE = YES_ERROR;
				GCC_WARN_UNDECLARED_SELECTOR = YES;
				GCC_WARN_UNINITIALIZED_AUTOS = YES_AGGRESSIVE;
				GCC_WARN_UNUSED_FUNCTION = YES;
				GCC_WARN_UNUSED_VARIABLE = YES;
				IPHONEOS_DEPLOYMENT_TARGET = 14.3;
				MTL_ENABLE_DEBUG_INFO = INCLUDE_SOURCE;
				MTL_FAST_MATH = YES;
				ONLY_ACTIVE_ARCH = YES;
				SDKROOT = iphoneos;
				VALIDATE_WORKSPACE = YES;
			};
			name = Debug;
		};
		71851DD3226D452300113A9F /* Release */ = {
			isa = XCBuildConfiguration;
			buildSettings = {
				ALWAYS_SEARCH_USER_PATHS = NO;
				CLANG_ANALYZER_NONNULL = YES;
				CLANG_ANALYZER_NUMBER_OBJECT_CONVERSION = YES_AGGRESSIVE;
				CLANG_CXX_LANGUAGE_STANDARD = "gnu++14";
				CLANG_CXX_LIBRARY = "libc++";
				CLANG_ENABLE_MODULES = YES;
				CLANG_ENABLE_OBJC_ARC = YES;
				CLANG_ENABLE_OBJC_WEAK = YES;
				CLANG_WARN_BLOCK_CAPTURE_AUTORELEASING = YES;
				CLANG_WARN_BOOL_CONVERSION = YES;
				CLANG_WARN_COMMA = YES;
				CLANG_WARN_CONSTANT_CONVERSION = YES;
				CLANG_WARN_DEPRECATED_OBJC_IMPLEMENTATIONS = YES;
				CLANG_WARN_DIRECT_OBJC_ISA_USAGE = YES_ERROR;
				CLANG_WARN_DOCUMENTATION_COMMENTS = YES;
				CLANG_WARN_EMPTY_BODY = YES;
				CLANG_WARN_ENUM_CONVERSION = YES;
				CLANG_WARN_INFINITE_RECURSION = YES;
				CLANG_WARN_INT_CONVERSION = YES;
				CLANG_WARN_NON_LITERAL_NULL_CONVERSION = YES;
				CLANG_WARN_OBJC_IMPLICIT_RETAIN_SELF = YES;
				CLANG_WARN_OBJC_LITERAL_CONVERSION = YES;
				CLANG_WARN_OBJC_ROOT_CLASS = YES_ERROR;
				CLANG_WARN_QUOTED_INCLUDE_IN_FRAMEWORK_HEADER = YES;
				CLANG_WARN_RANGE_LOOP_ANALYSIS = YES;
				CLANG_WARN_STRICT_PROTOTYPES = YES;
				CLANG_WARN_SUSPICIOUS_MOVE = YES;
				CLANG_WARN_UNGUARDED_AVAILABILITY = YES_AGGRESSIVE;
				CLANG_WARN_UNREACHABLE_CODE = YES;
				CLANG_WARN__DUPLICATE_METHOD_MATCH = YES;
				CODE_SIGN_IDENTITY = "iPhone Developer";
				COPY_PHASE_STRIP = NO;
				DEBUG_INFORMATION_FORMAT = "dwarf-with-dsym";
				ENABLE_NS_ASSERTIONS = NO;
				ENABLE_STRICT_OBJC_MSGSEND = YES;
				GCC_C_LANGUAGE_STANDARD = gnu11;
				GCC_NO_COMMON_BLOCKS = YES;
				GCC_WARN_64_TO_32_BIT_CONVERSION = YES;
				GCC_WARN_ABOUT_RETURN_TYPE = YES_ERROR;
				GCC_WARN_UNDECLARED_SELECTOR = YES;
				GCC_WARN_UNINITIALIZED_AUTOS = YES_AGGRESSIVE;
				GCC_WARN_UNUSED_FUNCTION = YES;
				GCC_WARN_UNUSED_VARIABLE = YES;
				IPHONEOS_DEPLOYMENT_TARGET = 14.3;
				MTL_ENABLE_DEBUG_INFO = NO;
				MTL_FAST_MATH = YES;
				SDKROOT = iphoneos;
				VALIDATE_PRODUCT = YES;
				VALIDATE_WORKSPACE = YES;
			};
			name = Release;
		};
		71851DD5226D452300113A9F /* Debug */ = {
			isa = XCBuildConfiguration;
			baseConfigurationReference = 8F68D10C8E29AFDE104DD13C /* Pods-Library Management.debug.xcconfig */;
			buildSettings = {
				ASSETCATALOG_COMPILER_APPICON_NAME = AppIcon;
				CODE_SIGN_STYLE = Automatic;
				DEVELOPMENT_TEAM = WQYBL7BPWY;
				INFOPLIST_FILE = "Library Management/Info.plist";
				LD_RUNPATH_SEARCH_PATHS = (
					"$(inherited)",
					"@executable_path/Frameworks",
				);
				PRODUCT_BUNDLE_IDENTIFIER = "com.sagarudasi.Library-Management";
				PRODUCT_NAME = "$(TARGET_NAME)";
				TARGETED_DEVICE_FAMILY = "1,2";
			};
			name = Debug;
		};
		71851DD6226D452300113A9F /* Release */ = {
			isa = XCBuildConfiguration;
			baseConfigurationReference = D00277487877615BB54DAE8D /* Pods-Library Management.release.xcconfig */;
			buildSettings = {
				ASSETCATALOG_COMPILER_APPICON_NAME = AppIcon;
				CODE_SIGN_STYLE = Automatic;
				DEVELOPMENT_TEAM = WQYBL7BPWY;
				INFOPLIST_FILE = "Library Management/Info.plist";
				LD_RUNPATH_SEARCH_PATHS = (
					"$(inherited)",
					"@executable_path/Frameworks",
				);
				PRODUCT_BUNDLE_IDENTIFIER = "com.sagarudasi.Library-Management";
				PRODUCT_NAME = "$(TARGET_NAME)";
				TARGETED_DEVICE_FAMILY = "1,2";
			};
			name = Release;
		};
		71851DD8226D452300113A9F /* Debug */ = {
			isa = XCBuildConfiguration;
			baseConfigurationReference = C9B1597F1C262A166B9BFF98 /* Pods-Library ManagementTests.debug.xcconfig */;
			buildSettings = {
				CODE_SIGN_STYLE = Automatic;
				DEVELOPMENT_TEAM = 5WXJ4Z4H69;
				INFOPLIST_FILE = "Library ManagementTests/Info.plist";
				LD_RUNPATH_SEARCH_PATHS = (
					"$(inherited)",
					"@executable_path/Frameworks",
					"@loader_path/Frameworks",
				);
				PRODUCT_BUNDLE_IDENTIFIER = "com.tucan9389.Library ManagementTests";
				PRODUCT_NAME = "$(TARGET_NAME)";
				TARGETED_DEVICE_FAMILY = "1,2";
			};
			name = Debug;
		};
		71851DD9226D452300113A9F /* Release */ = {
			isa = XCBuildConfiguration;
			baseConfigurationReference = CE0D7583D5F1AC05458E727A /* Pods-Library ManagementTests.release.xcconfig */;
			buildSettings = {
				CODE_SIGN_STYLE = Automatic;
				DEVELOPMENT_TEAM = 5WXJ4Z4H69;
				INFOPLIST_FILE = "Library ManagementTests/Info.plist";
				LD_RUNPATH_SEARCH_PATHS = (
					"$(inherited)",
					"@executable_path/Frameworks",
					"@loader_path/Frameworks",
				);
				PRODUCT_BUNDLE_IDENTIFIER = "com.tucan9389.Library ManagementTests";
				PRODUCT_NAME = "$(TARGET_NAME)";
				TARGETED_DEVICE_FAMILY = "1,2";
			};
			name = Release;
		};
		71851DDB226D452300113A9F /* Debug */ = {
			isa = XCBuildConfiguration;
			baseConfigurationReference = 51DD624E534CB39D9ECF3A57 /* Pods-Library Management-Library ManagementUITests.debug.xcconfig */;
			buildSettings = {
				CODE_SIGN_STYLE = Automatic;
				DEVELOPMENT_TEAM = 5WXJ4Z4H69;
				INFOPLIST_FILE = "Library ManagementUITests/Info.plist";
				LD_RUNPATH_SEARCH_PATHS = (
					"$(inherited)",
					"@executable_path/Frameworks",
					"@loader_path/Frameworks",
				);
				PRODUCT_BUNDLE_IDENTIFIER = "com.tucan9389.Library ManagementUITests";
				PRODUCT_NAME = "$(TARGET_NAME)";
				PROVISIONING_PROFILE = "";
				TARGETED_DEVICE_FAMILY = "1,2";
			};
			name = Debug;
		};
		71851DDC226D452300113A9F /* Release */ = {
			isa = XCBuildConfiguration;
			baseConfigurationReference = 98847C0B83D7FB74E775BD1F /* Pods-Library Management-Library ManagementUITests.release.xcconfig */;
			buildSettings = {
				CODE_SIGN_STYLE = Automatic;
				DEVELOPMENT_TEAM = 5WXJ4Z4H69;
				INFOPLIST_FILE = "Library ManagementUITests/Info.plist";
				LD_RUNPATH_SEARCH_PATHS = (
					"$(inherited)",
					"@executable_path/Frameworks",
					"@loader_path/Frameworks",
				);
				PRODUCT_BUNDLE_IDENTIFIER = "com.tucan9389.Library ManagementUITests";
				PRODUCT_NAME = "$(TARGET_NAME)";
				PROVISIONING_PROFILE = "";
				TARGETED_DEVICE_FAMILY = "1,2";
			};
			name = Release;
		};
/* End XCBuildConfiguration section */

/* Begin XCConfigurationList section */
		71851DA3226D452100113A9F /* Build configuration list for PBXProject "Library Management" */ = {
			isa = XCConfigurationList;
			buildConfigurations = (
				71851DD2226D452300113A9F /* Debug */,
				71851DD3226D452300113A9F /* Release */,
			);
			defaultConfigurationIsVisible = 0;
			defaultConfigurationName = Release;
		};
		71851DD4226D452300113A9F /* Build configuration list for PBXNativeTarget "Library Management" */ = {
			isa = XCConfigurationList;
			buildConfigurations = (
				71851DD5226D452300113A9F /* Debug */,
				71851DD6226D452300113A9F /* Release */,
			);
			defaultConfigurationIsVisible = 0;
			defaultConfigurationName = Release;
		};
		71851DD7226D452300113A9F /* Build configuration list for PBXNativeTarget "Library ManagementTests" */ = {
			isa = XCConfigurationList;
			buildConfigurations = (
				71851DD8226D452300113A9F /* Debug */,
				71851DD9226D452300113A9F /* Release */,
			);
			defaultConfigurationIsVisible = 0;
			defaultConfigurationName = Release;
		};
		71851DDA226D452300113A9F /* Build configuration list for PBXNativeTarget "Library ManagementUITests" */ = {
			isa = XCConfigurationList;
			buildConfigurations = (
				71851DDB226D452300113A9F /* Debug */,
				71851DDC226D452300113A9F /* Release */,
			);
			defaultConfigurationIsVisible = 0;
			defaultConfigurationName = Release;
		};
/* End XCConfigurationList section */
	};
	rootObject = 71851DA0226D452100113A9F /* Project object */;
}
